
Microsoft Visual Studio Solution File, Format Version 12.00
# Visual Studio 15
VisualStudioVersion = 15.0.27004.2005
MinimumVisualStudioVersion = 10.0.40219.1
Project("{FAE04EC0-301F-11D3-BF4B-00C04F79EFBC}") = "Yadocari", "Yadocari\Yadocari.csproj", "{EE9B48D6-F626-4802-9448-28D51B435B8E}"
EndProject
Global
	GlobalSection(SolutionConfigurationPlatforms) = preSolution
		Debug|Any CPU = Debug|Any CPU
		Release|Any CPU = Release|Any CPU
	EndGlobalSection
	GlobalSection(ProjectConfigurationPlatforms) = postSolution
		{EE9B48D6-F626-4802-9448-28D51B435B8E}.Debug|Any CPU.ActiveCfg = Debug|Any CPU
		{EE9B48D6-F626-4802-9448-28D51B435B8E}.Debug|Any CPU.Build.0 = Debug|Any CPU
		{EE9B48D6-F626-4802-9448-28D51B435B8E}.Release|Any CPU.ActiveCfg = Release|Any CPU
		{EE9B48D6-F626-4802-9448-28D51B435B8E}.Release|Any CPU.Build.0 = Release|Any CPU
	EndGlobalSection
	GlobalSection(SolutionProperties) = preSolution
		HideSolutionNode = FALSE
	EndGlobalSection
	GlobalSection(ExtensibilityGlobals) = postSolution
		SolutionGuid = {CC4F6857-227D-4475-B16D-4B9AD44331D9}
	EndGlobalSection
EndGlobal
